// !$*UTF8*$!
{
	archiveVersion = 1;
	classes = {
	};
	objectVersion = 56;
	objects = {

/* Begin PBXBuildFile section */
		5525A0582C44CB9A006B14FC /* ProfileListView.swift in Sources */ = {isa = PBXBuildFile; fileRef = 5525A0572C44CB9A006B14FC /* ProfileListView.swift */; };
		5525A05C2C44CBC2006B14FC /* ProfileListViewModel.swift in Sources */ = {isa = PBXBuildFile; fileRef = 5525A05B2C44CBC2006B14FC /* ProfileListViewModel.swift */; };
		5525A05E2C44CBCB006B14FC /* UserProfile.swift in Sources */ = {isa = PBXBuildFile; fileRef = 5525A05D2C44CBCB006B14FC /* UserProfile.swift */; };
		5525A0602C44CBD8006B14FC /* StackOverflowService.swift in Sources */ = {isa = PBXBuildFile; fileRef = 5525A05F2C44CBD8006B14FC /* StackOverflowService.swift */; };
		5525A0622C44D34F006B14FC /* ProfileRowView.swift in Sources */ = {isa = PBXBuildFile; fileRef = 5525A0612C44D34F006B14FC /* ProfileRowView.swift */; };
		5525A0642C44D368006B14FC /* ImageLoader.swift in Sources */ = {isa = PBXBuildFile; fileRef = 5525A0632C44D368006B14FC /* ImageLoader.swift */; };
		5525A0662C44D4FE006B14FC /* ProfileDetailView.swift in Sources */ = {isa = PBXBuildFile; fileRef = 5525A0652C44D4FE006B14FC /* ProfileDetailView.swift */; };
		5525A0682C44D50E006B14FC /* ProfileDetailViewModel.swift in Sources */ = {isa = PBXBuildFile; fileRef = 5525A0672C44D50E006B14FC /* ProfileDetailViewModel.swift */; };
		5525A06A2C44D6B1006B14FC /* FaceDetectionService.swift in Sources */ = {isa = PBXBuildFile; fileRef = 5525A0692C44D6B1006B14FC /* FaceDetectionService.swift */; };
		5580BE692C44CA1B006AFDC6 /* StackOverflowTopUsersApp.swift in Sources */ = {isa = PBXBuildFile; fileRef = 5580BE682C44CA1B006AFDC6 /* StackOverflowTopUsersApp.swift */; };
		5580BE6D2C44CA1C006AFDC6 /* Assets.xcassets in Resources */ = {isa = PBXBuildFile; fileRef = 5580BE6C2C44CA1C006AFDC6 /* Assets.xcassets */; };
		5580BE702C44CA1C006AFDC6 /* Preview Assets.xcassets in Resources */ = {isa = PBXBuildFile; fileRef = 5580BE6F2C44CA1C006AFDC6 /* Preview Assets.xcassets */; };
/* End PBXBuildFile section */

/* Begin PBXFileReference section */
		5525A0572C44CB9A006B14FC /* ProfileListView.swift */ = {isa = PBXFileReference; lastKnownFileType = sourcecode.swift; path = ProfileListView.swift; sourceTree = "<group>"; };
		5525A05B2C44CBC2006B14FC /* ProfileListViewModel.swift */ = {isa = PBXFileReference; lastKnownFileType = sourcecode.swift; path = ProfileListViewModel.swift; sourceTree = "<group>"; };
		5525A05D2C44CBCB006B14FC /* UserProfile.swift */ = {isa = PBXFileReference; lastKnownFileType = sourcecode.swift; path = UserProfile.swift; sourceTree = "<group>"; };
		5525A05F2C44CBD8006B14FC /* StackOverflowService.swift */ = {isa = PBXFileReference; lastKnownFileType = sourcecode.swift; path = StackOverflowService.swift; sourceTree = "<group>"; };
		5525A0612C44D34F006B14FC /* ProfileRowView.swift */ = {isa = PBXFileReference; lastKnownFileType = sourcecode.swift; path = ProfileRowView.swift; sourceTree = "<group>"; };
		5525A0632C44D368006B14FC /* ImageLoader.swift */ = {isa = PBXFileReference; lastKnownFileType = sourcecode.swift; path = ImageLoader.swift; sourceTree = "<group>"; };
		5525A0652C44D4FE006B14FC /* ProfileDetailView.swift */ = {isa = PBXFileReference; lastKnownFileType = sourcecode.swift; path = ProfileDetailView.swift; sourceTree = "<group>"; };
		5525A0672C44D50E006B14FC /* ProfileDetailViewModel.swift */ = {isa = PBXFileReference; lastKnownFileType = sourcecode.swift; path = ProfileDetailViewModel.swift; sourceTree = "<group>"; };
		5525A0692C44D6B1006B14FC /* FaceDetectionService.swift */ = {isa = PBXFileReference; lastKnownFileType = sourcecode.swift; path = FaceDetectionService.swift; sourceTree = "<group>"; };
		5580BE652C44CA1B006AFDC6 /* StackOverflowTopUsers.app */ = {isa = PBXFileReference; explicitFileType = wrapper.application; includeInIndex = 0; path = StackOverflowTopUsers.app; sourceTree = BUILT_PRODUCTS_DIR; };
		5580BE682C44CA1B006AFDC6 /* StackOverflowTopUsersApp.swift */ = {isa = PBXFileReference; lastKnownFileType = sourcecode.swift; path = StackOverflowTopUsersApp.swift; sourceTree = "<group>"; };
		5580BE6C2C44CA1C006AFDC6 /* Assets.xcassets */ = {isa = PBXFileReference; lastKnownFileType = folder.assetcatalog; path = Assets.xcassets; sourceTree = "<group>"; };
		5580BE6F2C44CA1C006AFDC6 /* Preview Assets.xcassets */ = {isa = PBXFileReference; lastKnownFileType = folder.assetcatalog; path = "Preview Assets.xcassets"; sourceTree = "<group>"; };
/* End PBXFileReference section */

/* Begin PBXFrameworksBuildPhase section */
		5580BE622C44CA1B006AFDC6 /* Frameworks */ = {
			isa = PBXFrameworksBuildPhase;
			buildActionMask = 2147483647;
			files = (
			);
			runOnlyForDeploymentPostprocessing = 0;
		};
/* End PBXFrameworksBuildPhase section */

/* Begin PBXGroup section */
		5525A0532C44CB5C006B14FC /* Views */ = {
			isa = PBXGroup;
			children = (
				5525A0572C44CB9A006B14FC /* ProfileListView.swift */,
				5525A0612C44D34F006B14FC /* ProfileRowView.swift */,
				5525A0652C44D4FE006B14FC /* ProfileDetailView.swift */,
			);
			path = Views;
			sourceTree = "<group>";
		};
		5525A0542C44CB61006B14FC /* ViewModels */ = {
			isa = PBXGroup;
			children = (
				5525A05B2C44CBC2006B14FC /* ProfileListViewModel.swift */,
				5525A0672C44D50E006B14FC /* ProfileDetailViewModel.swift */,
			);
			path = ViewModels;
			sourceTree = "<group>";
		};
		5525A0552C44CB69006B14FC /* Models */ = {
			isa = PBXGroup;
			children = (
				5525A05D2C44CBCB006B14FC /* UserProfile.swift */,
			);
			path = Models;
			sourceTree = "<group>";
		};
		5525A0562C44CB6D006B14FC /* Services */ = {
			isa = PBXGroup;
			children = (
				5525A05F2C44CBD8006B14FC /* StackOverflowService.swift */,
				5525A0632C44D368006B14FC /* ImageLoader.swift */,
				5525A0692C44D6B1006B14FC /* FaceDetectionService.swift */,
			);
			path = Services;
			sourceTree = "<group>";
		};
		5580BE5C2C44CA1B006AFDC6 = {
			isa = PBXGroup;
			children = (
				5580BE672C44CA1B006AFDC6 /* StackOverflowTopUsers */,
				5580BE662C44CA1B006AFDC6 /* Products */,
			);
			sourceTree = "<group>";
		};
		5580BE662C44CA1B006AFDC6 /* Products */ = {
			isa = PBXGroup;
			children = (
				5580BE652C44CA1B006AFDC6 /* StackOverflowTopUsers.app */,
			);
			name = Products;
			sourceTree = "<group>";
		};
		5580BE672C44CA1B006AFDC6 /* StackOverflowTopUsers */ = {
			isa = PBXGroup;
			children = (
				5525A0532C44CB5C006B14FC /* Views */,
				5525A0542C44CB61006B14FC /* ViewModels */,
				5525A0552C44CB69006B14FC /* Models */,
				5525A0562C44CB6D006B14FC /* Services */,
				5580BE682C44CA1B006AFDC6 /* StackOverflowTopUsersApp.swift */,
				5580BE6C2C44CA1C006AFDC6 /* Assets.xcassets */,
				5580BE6E2C44CA1C006AFDC6 /* Preview Content */,
			);
			path = StackOverflowTopUsers;
			sourceTree = "<group>";
		};
		5580BE6E2C44CA1C006AFDC6 /* Preview Content */ = {
			isa = PBXGroup;
			children = (
				5580BE6F2C44CA1C006AFDC6 /* Preview Assets.xcassets */,
			);
			path = "Preview Content";
			sourceTree = "<group>";
		};
/* End PBXGroup section */

/* Begin PBXNativeTarget section */
		5580BE642C44CA1B006AFDC6 /* StackOverflowTopUsers */ = {
			isa = PBXNativeTarget;
			buildConfigurationList = 5580BE732C44CA1C006AFDC6 /* Build configuration list for PBXNativeTarget "StackOverflowTopUsers" */;
			buildPhases = (
				5580BE612C44CA1B006AFDC6 /* Sources */,
				5580BE622C44CA1B006AFDC6 /* Frameworks */,
				5580BE632C44CA1B006AFDC6 /* Resources */,
			);
			buildRules = (
			);
			dependencies = (
			);
			name = StackOverflowTopUsers;
			productName = StackOverflowTopUsers;
			productReference = 5580BE652C44CA1B006AFDC6 /* StackOverflowTopUsers.app */;
			productType = "com.apple.product-type.application";
		};
/* End PBXNativeTarget section */

/* Begin PBXProject section */
		5580BE5D2C44CA1B006AFDC6 /* Project object */ = {
			isa = PBXProject;
			attributes = {
				BuildIndependentTargetsInParallel = 1;
				LastSwiftUpdateCheck = 1540;
				LastUpgradeCheck = 1540;
				TargetAttributes = {
					5580BE642C44CA1B006AFDC6 = {
						CreatedOnToolsVersion = 15.4;
					};
				};
			};
			buildConfigurationList = 5580BE602C44CA1B006AFDC6 /* Build configuration list for PBXProject "StackOverflowTopUsers" */;
			compatibilityVersion = "Xcode 14.0";
			developmentRegion = en;
			hasScannedForEncodings = 0;
			knownRegions = (
				en,
				Base,
			);
			mainGroup = 5580BE5C2C44CA1B006AFDC6;
			productRefGroup = 5580BE662C44CA1B006AFDC6 /* Products */;
			projectDirPath = "";
			projectRoot = "";
			targets = (
				5580BE642C44CA1B006AFDC6 /* StackOverflowTopUsers */,
			);
		};
/* End PBXProject section */

/* Begin PBXResourcesBuildPhase section */
		5580BE632C44CA1B006AFDC6 /* Resources */ = {
			isa = PBXResourcesBuildPhase;
			buildActionMask = 2147483647;
			files = (
				5580BE702C44CA1C006AFDC6 /* Preview Assets.xcassets in Resources */,
				5580BE6D2C44CA1C006AFDC6 /* Assets.xcassets in Resources */,
			);
			runOnlyForDeploymentPostprocessing = 0;
		};
/* End PBXResourcesBuildPhase section */

/* Begin PBXSourcesBuildPhase section */
		5580BE612C44CA1B006AFDC6 /* Sources */ = {
			isa = PBXSourcesBuildPhase;
			buildActionMask = 2147483647;
			files = (
				5525A0682C44D50E006B14FC /* ProfileDetailViewModel.swift in Sources */,
				5525A0642C44D368006B14FC /* ImageLoader.swift in Sources */,
				5525A0662C44D4FE006B14FC /* ProfileDetailView.swift in Sources */,
				5525A0582C44CB9A006B14FC /* ProfileListView.swift in Sources */,
				5525A0622C44D34F006B14FC /* ProfileRowView.swift in Sources */,
				5525A05E2C44CBCB006B14FC /* UserProfile.swift in Sources */,
				5525A05C2C44CBC2006B14FC /* ProfileListViewModel.swift in Sources */,
				5525A0602C44CBD8006B14FC /* StackOverflowService.swift in Sources */,
				5525A06A2C44D6B1006B14FC /* FaceDetectionService.swift in Sources */,
				5580BE692C44CA1B006AFDC6 /* StackOverflowTopUsersApp.swift in Sources */,
			);
			runOnlyForDeploymentPostprocessing = 0;
		};
/* End PBXSourcesBuildPhase section */

/* Begin XCBuildConfiguration section */
		5580BE712C44CA1C006AFDC6 /* Debug */ = {
			isa = XCBuildConfiguration;
			buildSettings = {
				ALWAYS_SEARCH_USER_PATHS = NO;
				ASSETCATALOG_COMPILER_GENERATE_SWIFT_ASSET_SYMBOL_EXTENSIONS = YES;
				CLANG_ANALYZER_NONNULL = YES;
				CLANG_ANALYZER_NUMBER_OBJECT_CONVERSION = YES_AGGRESSIVE;
				CLANG_CXX_LANGUAGE_STANDARD = "gnu++20";
				CLANG_ENABLE_MODULES = YES;
				CLANG_ENABLE_OBJC_ARC = YES;
				CLANG_ENABLE_OBJC_WEAK = YES;
				CLANG_WARN_BLOCK_CAPTURE_AUTORELEASING = YES;
				CLANG_WARN_BOOL_CONVERSION = YES;
				CLANG_WARN_COMMA = YES;
				CLANG_WARN_CONSTANT_CONVERSION = YES;
				CLANG_WARN_DEPRECATED_OBJC_IMPLEMENTATIONS = YES;
				CLANG_WARN_DIRECT_OBJC_ISA_USAGE = YES_ERROR;
				CLANG_WARN_DOCUMENTATION_COMMENTS = YES;
				CLANG_WARN_EMPTY_BODY = YES;
				CLANG_WARN_ENUM_CONVERSION = YES;
				CLANG_WARN_INFINITE_RECURSION = YES;
				CLANG_WARN_INT_CONVERSION = YES;
				CLANG_WARN_NON_LITERAL_NULL_CONVERSION = YES;
				CLANG_WARN_OBJC_IMPLICIT_RETAIN_SELF = YES;
				CLANG_WARN_OBJC_LITERAL_CONVERSION = YES;
				CLANG_WARN_OBJC_ROOT_CLASS = YES_ERROR;
				CLANG_WARN_QUOTED_INCLUDE_IN_FRAMEWORK_HEADER = YES;
				CLANG_WARN_RANGE_LOOP_ANALYSIS = YES;
				CLANG_WARN_STRICT_PROTOTYPES = YES;
				CLANG_WARN_SUSPICIOUS_MOVE = YES;
				CLANG_WARN_UNGUARDED_AVAILABILITY = YES_AGGRESSIVE;
				CLANG_WARN_UNREACHABLE_CODE = YES;
				CLANG_WARN__DUPLICATE_METHOD_MATCH = YES;
				COPY_PHASE_STRIP = NO;
				DEBUG_INFORMATION_FORMAT = dwarf;
				ENABLE_STRICT_OBJC_MSGSEND = YES;
				ENABLE_TESTABILITY = YES;
				ENABLE_USER_SCRIPT_SANDBOXING = YES;
				GCC_C_LANGUAGE_STANDARD = gnu17;
				GCC_DYNAMIC_NO_PIC = NO;
				GCC_NO_COMMON_BLOCKS = YES;
				GCC_OPTIMIZATION_LEVEL = 0;
				GCC_PREPROCESSOR_DEFINITIONS = (
					"DEBUG=1",
					"$(inherited)",
				);
				GCC_WARN_64_TO_32_BIT_CONVERSION = YES;
				GCC_WARN_ABOUT_RETURN_TYPE = YES_ERROR;
				GCC_WARN_UNDECLARED_SELECTOR = YES;
				GCC_WARN_UNINITIALIZED_AUTOS = YES_AGGRESSIVE;
				GCC_WARN_UNUSED_FUNCTION = YES;
				GCC_WARN_UNUSED_VARIABLE = YES;
				IPHONEOS_DEPLOYMENT_TARGET = 15.0;
				LOCALIZATION_PREFERS_STRING_CATALOGS = YES;
				MTL_ENABLE_DEBUG_INFO = INCLUDE_SOURCE;
				MTL_FAST_MATH = YES;
				ONLY_ACTIVE_ARCH = YES;
				SDKROOT = iphoneos;
				SWIFT_ACTIVE_COMPILATION_CONDITIONS = "DEBUG $(inherited)";
				SWIFT_OPTIMIZATION_LEVEL = "-Onone";
			};
			name = Debug;
		};
		5580BE722C44CA1C006AFDC6 /* Release */ = {
			isa = XCBuildConfiguration;
			buildSettings = {
				ALWAYS_SEARCH_USER_PATHS = NO;
				ASSETCATALOG_COMPILER_GENERATE_SWIFT_ASSET_SYMBOL_EXTENSIONS = YES;
				CLANG_ANALYZER_NONNULL = YES;
				CLANG_ANALYZER_NUMBER_OBJECT_CONVERSION = YES_AGGRESSIVE;
				CLANG_CXX_LANGUAGE_STANDARD = "gnu++20";
				CLANG_ENABLE_MODULES = YES;
				CLANG_ENABLE_OBJC_ARC = YES;
				CLANG_ENABLE_OBJC_WEAK = YES;
				CLANG_WARN_BLOCK_CAPTURE_AUTORELEASING = YES;
				CLANG_WARN_BOOL_CONVERSION = YES;
				CLANG_WARN_COMMA = YES;
				CLANG_WARN_CONSTANT_CONVERSION = YES;
				CLANG_WARN_DEPRECATED_OBJC_IMPLEMENTATIONS = YES;
				CLANG_WARN_DIRECT_OBJC_ISA_USAGE = YES_ERROR;
				CLANG_WARN_DOCUMENTATION_COMMENTS = YES;
				CLANG_WARN_EMPTY_BODY = YES;
				CLANG_WARN_ENUM_CONVERSION = YES;
				CLANG_WARN_INFINITE_RECURSION = YES;
				CLANG_WARN_INT_CONVERSION = YES;
				CLANG_WARN_NON_LITERAL_NULL_CONVERSION = YES;
				CLANG_WARN_OBJC_IMPLICIT_RETAIN_SELF = YES;
				CLANG_WARN_OBJC_LITERAL_CONVERSION = YES;
				CLANG_WARN_OBJC_ROOT_CLASS = YES_ERROR;
				CLANG_WARN_QUOTED_INCLUDE_IN_FRAMEWORK_HEADER = YES;
				CLANG_WARN_RANGE_LOOP_ANALYSIS = YES;
				CLANG_WARN_STRICT_PROTOTYPES = YES;
				CLANG_WARN_SUSPICIOUS_MOVE = YES;
				CLANG_WARN_UNGUARDED_AVAILABILITY = YES_AGGRESSIVE;
				CLANG_WARN_UNREACHABLE_CODE = YES;
				CLANG_WARN__DUPLICATE_METHOD_MATCH = YES;
				COPY_PHASE_STRIP = NO;
				DEBUG_INFORMATION_FORMAT = "dwarf-with-dsym";
				ENABLE_NS_ASSERTIONS = NO;
				ENABLE_STRICT_OBJC_MSGSEND = YES;
				ENABLE_USER_SCRIPT_SANDBOXING = YES;
				GCC_C_LANGUAGE_STANDARD = gnu17;
				GCC_NO_COMMON_BLOCKS = YES;
				GCC_WARN_64_TO_32_BIT_CONVERSION = YES;
				GCC_WARN_ABOUT_RETURN_TYPE = YES_ERROR;
				GCC_WARN_UNDECLARED_SELECTOR = YES;
				GCC_WARN_UNINITIALIZED_AUTOS = YES_AGGRESSIVE;
				GCC_WARN_UNUSED_FUNCTION = YES;
				GCC_WARN_UNUSED_VARIABLE = YES;
				IPHONEOS_DEPLOYMENT_TARGET = 15.0;
				LOCALIZATION_PREFERS_STRING_CATALOGS = YES;
				MTL_ENABLE_DEBUG_INFO = NO;
				MTL_FAST_MATH = YES;
				SDKROOT = iphoneos;
				SWIFT_COMPILATION_MODE = wholemodule;
				VALIDATE_PRODUCT = YES;
			};
			name = Release;
		};
		5580BE742C44CA1C006AFDC6 /* Debug */ = {
			isa = XCBuildConfiguration;
			buildSettings = {
				ASSETCATALOG_COMPILER_APPICON_NAME = AppIcon;
				ASSETCATALOG_COMPILER_GLOBAL_ACCENT_COLOR_NAME = AccentColor;
				CODE_SIGN_STYLE = Automatic;
				CURRENT_PROJECT_VERSION = 1;
				DEVELOPMENT_ASSET_PATHS = "\"StackOverflowTopUsers/Preview Content\"";
				ENABLE_PREVIEWS = YES;
				GENERATE_INFOPLIST_FILE = YES;
				INFOPLIST_KEY_UIApplicationSceneManifest_Generation = YES;
				INFOPLIST_KEY_UIApplicationSupportsIndirectInputEvents = YES;
				INFOPLIST_KEY_UILaunchScreen_Generation = YES;
				INFOPLIST_KEY_UISupportedInterfaceOrientations_iPad = "UIInterfaceOrientationPortrait UIInterfaceOrientationPortraitUpsideDown UIInterfaceOrientationLandscapeLeft UIInterfaceOrientationLandscapeRight";
				INFOPLIST_KEY_UISupportedInterfaceOrientations_iPhone = "UIInterfaceOrientationPortrait UIInterfaceOrientationLandscapeLeft UIInterfaceOrientationLandscapeRight";
				IPHONEOS_DEPLOYMENT_TARGET = 15.0;
				LD_RUNPATH_SEARCH_PATHS = (
					"$(inherited)",
					"@executable_path/Frameworks",
				);
				MARKETING_VERSION = 1.0;
				PRODUCT_BUNDLE_IDENTIFIER = com.andrey.StackOverflowTopUsers;
				PRODUCT_NAME = "$(TARGET_NAME)";
				SWIFT_EMIT_LOC_STRINGS = YES;
				SWIFT_VERSION = 5.0;
				TARGETED_DEVICE_FAMILY = "1,2";
			};
			name = Debug;
		};
		5580BE752C44CA1C006AFDC6 /* Release */ = {
			isa = XCBuildConfiguration;
			buildSettings = {
				ASSETCATALOG_COMPILER_APPICON_NAME = AppIcon;
				ASSETCATALOG_COMPILER_GLOBAL_ACCENT_COLOR_NAME = AccentColor;
				CODE_SIGN_STYLE = Automatic;
				CURRENT_PROJECT_VERSION = 1;
				DEVELOPMENT_ASSET_PATHS = "\"StackOverflowTopUsers/Preview Content\"";
				ENABLE_PREVIEWS = YES;
				GENERATE_INFOPLIST_FILE = YES;
				INFOPLIST_KEY_UIApplicationSceneManifest_Generation = YES;
				INFOPLIST_KEY_UIApplicationSupportsIndirectInputEvents = YES;
				INFOPLIST_KEY_UILaunchScreen_Generation = YES;
				INFOPLIST_KEY_UISupportedInterfaceOrientations_iPad = "UIInterfaceOrientationPortrait UIInterfaceOrientationPortraitUpsideDown UIInterfaceOrientationLandscapeLeft UIInterfaceOrientationLandscapeRight";
				INFOPLIST_KEY_UISupportedInterfaceOrientations_iPhone = "UIInterfaceOrientationPortrait UIInterfaceOrientationLandscapeLeft UIInterfaceOrientationLandscapeRight";
				IPHONEOS_DEPLOYMENT_TARGET = 15.0;
				LD_RUNPATH_SEARCH_PATHS = (
					"$(inherited)",
					"@executable_path/Frameworks",
				);
				MARKETING_VERSION = 1.0;
				PRODUCT_BUNDLE_IDENTIFIER = com.andrey.StackOverflowTopUsers;
				PRODUCT_NAME = "$(TARGET_NAME)";
				SWIFT_EMIT_LOC_STRINGS = YES;
				SWIFT_VERSION = 5.0;
				TARGETED_DEVICE_FAMILY = "1,2";
			};
			name = Release;
		};
/* End XCBuildConfiguration section */

/* Begin XCConfigurationList section */
		5580BE602C44CA1B006AFDC6 /* Build configuration list for PBXProject "StackOverflowTopUsers" */ = {
			isa = XCConfigurationList;
			buildConfigurations = (
				5580BE712C44CA1C006AFDC6 /* Debug */,
				5580BE722C44CA1C006AFDC6 /* Release */,
			);
			defaultConfigurationIsVisible = 0;
			defaultConfigurationName = Release;
		};
		5580BE732C44CA1C006AFDC6 /* Build configuration list for PBXNativeTarget "StackOverflowTopUsers" */ = {
			isa = XCConfigurationList;
			buildConfigurations = (
				5580BE742C44CA1C006AFDC6 /* Debug */,
				5580BE752C44CA1C006AFDC6 /* Release */,
			);
			defaultConfigurationIsVisible = 0;
			defaultConfigurationName = Release;
		};
/* End XCConfigurationList section */
	};
	rootObject = 5580BE5D2C44CA1B006AFDC6 /* Project object */;
}
